github.com/fogfish/curie/v2 v2.1.2 h1:AbVEzgUiaLCQxo8YTr2TRbrlbs5veulgx7FywAquIu0=
github.com/fogfish/curie/v2 v2.1.2/go.mod h1:MIL/V8UaM+gY/KyGXMXUM4QXc5TynJS0rwrVwNvV51o=
github.com/fogfish/faults v0.3.2 h1:kQai2/VyXJxfd6SD/jYLHiqu0qDl/KXT48q1ppLMAnY=
github.com/fogfish/faults v0.3.2/go.mod h1:y8zvZN2pQUe9vDS7rzz0mAnbdfYMorPOeqxpy83YOCk=
github.com/fogfish/golem/hseq v1.3.0 h1:WIJViOF7vsPHvqVLzFrIz4QrBI4EPTC34esrQnjqUvk=
github.com/fogfish/golem/hseq v1.3.0/go.mod h1:17XORt8nNKl6KOhF43MHSmjK8NksbkBsohAoJGiinUs=
github.com/fogfish/golem/optics v0.14.0 h1:8XFZ6rlr6GlwDPB/jUtEcPbFngbpY9DfArDXcFN2mts=
github.com/fogfish/golem/optics v0.14.0/go.mod h1:aTXUA/VC6yu3zbUN1Tmy4Z4IW0jxfDFF4c2UB5MuwkA=
github.com/fogfish/golem/pipe v1.2.0 h1:bqgQyeM2WXNIK/vHAYPd/dlJvkwgEo9soZ/F2aKeII8=
github.com/fogfish/golem/pipe v1.2.0/go.mod h1:q1xvM0TAkQmIebFOJOnZ+LIIaqUd+ztwI0PSbQzSuos=
github.com/fogfish/golem/pure v0.10.1 h1:0+cnvdaV9zF+0NN8SZMgR5bgFM6yNfBHU4rynYSDfmE=
github.com/fogfish/golem/pure v0.10.1/go.mod h1:kLPfgu5uKP0CrwVap7jejisRwV7vo1q8Eyqnc/Z0qyw=
github.com/fogfish/guid/v2 v2.1.0 h1:oEJHKM4yFOOCmKZdh0oH7eD3mL32n2+1YCc27lXB5rE=
github.com/fogfish/guid/v2 v2.1.0/go.mod h1:KkZ5T4EE3BqWQJFZBPLSHV/tBe23Xq4KvuPfwtNtepU=
github.com/fogfish/it/v2 v2.2.2 h1:0Ynx60xjYn4HvmvdKtPqqthAJ2w0PSHdKPpi+69ik/8=
github.com/fogfish/it/v2 v2.2.2/go.mod h1:HHwufnTaZTvlRVnSesPl49HzzlMrQtweKbf+8Co/ll4=
github.com/fogfish/logger/v3 v3.2.0 h1:YjCyV+KvmacVvRy37RWH5431UjTGtPE1CSj4N9XS+1E=
github.com/fogfish/logger/v3 v3.2.0/go.mod h1:hsucoJz/3OX90UdYrXykcKvjjteBnPcYSTr4Rie0ZqU=
github.com/fogfish/logger/x/xlog v0.0.1 h1:1p9H66X2gxIBj5FdmZnRzFPWdk8BhbjMQ1qZ6b9VP/A=
github.com/fogfish/logger/x/xlog v0.0.1/go.mod h1:wz6csc5Qdy+JEAhW7wFEr93M/5UoCEDkLo7okoFM2J4=
github.com/fogfish/opts v0.0.5 h1:Bh3Nucr1kx7G1F0Tq3DxO14/qYgmR6C2GjWr2k6O+Oc=
github.com/fogfish/opts v0.0.5/go.mod h1:+HM1YrMsTzfouZRoHfPOsGT9VZw+0ZBKZ36PMqoNFqM=
github.com/fogfish/swarm v0.23.1 h1:mmzmJ14hkD5jfAVsPUOnsLCOaTcejoLMKwJTLpf+Cpo=
github.com/fogfish/swarm v0.23.1/go.mod h1:7YheTAIuzSTBtSMssjdsxwdmI/4zX7h52XdCxmah1iY=
