github.com/Masterminds/semver/v3 v3.2.1 h1:RN9w6+7QoMeJVGyfmbcgs28Br8cvmnucEXnY0rYXWg0=
github.com/Masterminds/semver/v3 v3.2.1/go.mod h1:qvl/7zhW3nngYb5+80sSMF+FG2BjYrf8m9wsX0PNOMQ=
github.com/auth0/go-jwt-middleware/v2 v2.2.1 h1:pqxEIwlCztD0T9ZygGfOrw4NK/F9iotnCnPJVADKbkE=
github.com/auth0/go-jwt-middleware/v2 v2.2.1/go.mod h1:CSi0tuu0QrALbWdiQZwqFL8SbBhj4e2MJzkvNfjY0Us=
github.com/aws/aws-cdk-go/awscdk/v2 v2.132.0 h1:eKGjvml5VBFv7EAQHOPBf3KcfkssT5DUiYw0//BotOM=
github.com/aws/aws-cdk-go/awscdk/v2 v2.132.0/go.mod h1:TpmJwOnoajvRtwnLlJoxEoppb9sVoCLfPGLdgoTDH7o=
github.com/aws/aws-lambda-go v1.46.0 h1:UWVnvh2h2gecOlFhHQfIPQcD8pL/f7pVCutmFl+oXU8=
github.com/aws/aws-lambda-go v1.46.0/go.mod h1:dpMpZgvWx5vuQJfBt0zqBha60q7Dd7RfgJv23DymV8A=
github.com/aws/aws-sdk-go-v2 v1.25.3 h1:xYiLpZTQs1mzvz5PaI6uR0Wh57ippuEthxS4iK5v0n0=
github.com/aws/aws-sdk-go-v2 v1.25.3/go.mod h1:35hUlJVYd+M++iLI3ALmVwMOyRYMmRqUXpTtRGW+K9I=
github.com/aws/aws-sdk-go-v2/config v1.27.7 h1:JSfb5nOQF01iOgxFI5OIKWwDiEXWTyTgg1Mm1mHi0A4=
github.com/aws/aws-sdk-go-v2/config v1.27.7/go.mod h1:PH0/cNpoMO+B04qET699o5W92Ca79fVtbUnvMIZro4I=
github.com/aws/aws-sdk-go-v2/credentials v1.17.7 h1:WJd+ubWKoBeRh7A5iNMnxEOs982SyVKOJD+K8HIezu4=
github.com/aws/aws-sdk-go-v2/credentials v1.17.7/go.mod h1:UQi7LMR0Vhvs+44w5ec8Q+VS+cd10cjwgHwiVkE0YGU=
github.com/aws/aws-sdk-go-v2/feature/ec2/imds v1.15.3 h1:p+y7FvkK2dxS+FEwRIDHDe//ZX+jDhP8HHE50ppj4iI=
github.com/aws/aws-sdk-go-v2/feature/ec2/imds v1.15.3/go.mod h1:/fYB+FZbDlwlAiynK9KDXlzZl3ANI9JkD0Uhz5FjNT4=
github.com/aws/aws-sdk-go-v2/internal/configsources v1.3.3 h1:ifbIbHZyGl1alsAhPIYsHOg5MuApgqOvVeI8wIugXfs=
github.com/aws/aws-sdk-go-v2/internal/configsources v1.3.3/go.mod h1:oQZXg3c6SNeY6OZrDY+xHcF4VGIEoNotX2B4PrDeoJI=
github.com/aws/aws-sdk-go-v2/internal/endpoints/v2 v2.6.3 h1:Qvodo9gHG9F3E8SfYOspPeBt0bjSbsevK8WhRAUHcoY=
github.com/aws/aws-sdk-go-v2/internal/endpoints/v2 v2.6.3/go.mod h1:vCKrdLXtybdf/uQd/YfVR2r5pcbNuEYKzMQpcxmeSJw=
github.com/aws/aws-sdk-go-v2/internal/ini v1.8.0 h1:hT8rVHwugYE2lEfdFE0QWVo81lF7jMrYJVDWI+f+VxU=
github.com/aws/aws-sdk-go-v2/internal/ini v1.8.0/go.mod h1:8tu/lYfQfFe6IGnaOdrpVgEL2IrrDOf6/m9RQum4NkY=
github.com/aws/aws-sdk-go-v2/internal/v4a v1.3.3 h1:mDnFOE2sVkyphMWtTH+stv0eW3k0OTx94K63xpxHty4=
github.com/aws/aws-sdk-go-v2/internal/v4a v1.3.3/go.mod h1:V8MuRVcCRt5h1S+Fwu8KbC7l/gBGo3yBAyUbJM2IJOk=
github.com/aws/aws-sdk-go-v2/service/apigatewaymanagementapi v1.19.2 h1:MpqMYW0QnUHxNYakFUR7DUzNy13q5+65LO0mAnVys3s=
github.com/aws/aws-sdk-go-v2/service/apigatewaymanagementapi v1.19.2/go.mod h1:nhAE9tRE0yugcKp/Tf1XsU+BxeKFpcgls510EE7mBs8=
github.com/aws/aws-sdk-go-v2/service/eventbridge v1.30.2 h1:Wcz770McQUzlejoK+roPCKQSdDHqEVVJv58DvXg9fFs=
github.com/aws/aws-sdk-go-v2/service/eventbridge v1.30.2/go.mod h1:+dJHflP7rijXVHYlYKnKIgvhtqica35tj3RjXxzDLgk=
github.com/aws/aws-sdk-go-v2/service/internal/accept-encoding v1.11.1 h1:EyBZibRTVAs6ECHZOw5/wlylS9OcTzwyjeQMudmREjE=
github.com/aws/aws-sdk-go-v2/service/internal/accept-encoding v1.11.1/go.mod h1:JKpmtYhhPs7D97NL/ltqz7yCkERFW5dOlHyVl66ZYF8=
github.com/aws/aws-sdk-go-v2/service/internal/presigned-url v1.11.5 h1:K/NXvIftOlX+oGgWGIa3jDyYLDNsdVhsjHmsBH2GLAQ=
github.com/aws/aws-sdk-go-v2/service/internal/presigned-url v1.11.5/go.mod h1:cl9HGLV66EnCmMNzq4sYOti+/xo8w34CsgzVtm2GgsY=
github.com/aws/aws-sdk-go-v2/service/sqs v1.31.2 h1:A9ihuyTKpS8Z1ou/D4ETfOEFMyokA6JjRsgXWTiHvCk=
github.com/aws/aws-sdk-go-v2/service/sqs v1.31.2/go.mod h1:J3XhTE+VsY1jDsdDY+ACFAppZj/gpvygzC5JE0bTLbQ=
github.com/aws/aws-sdk-go-v2/service/sso v1.20.2 h1:XOPfar83RIRPEzfihnp+U6udOveKZJvPQ76SKWrLRHc=
github.com/aws/aws-sdk-go-v2/service/sso v1.20.2/go.mod h1:Vv9Xyk1KMHXrR3vNQe8W5LMFdTjSeWk0gBZBzvf3Qa0=
github.com/aws/aws-sdk-go-v2/service/ssooidc v1.23.2 h1:pi0Skl6mNl2w8qWZXcdOyg197Zsf4G97U7Sso9JXGZE=
github.com/aws/aws-sdk-go-v2/service/ssooidc v1.23.2/go.mod h1:JYzLoEVeLXk+L4tn1+rrkfhkxl6mLDEVaDSvGq9og90=
github.com/aws/aws-sdk-go-v2/service/sts v1.28.4 h1:Ppup1nVNAOWbBOrcoOxaxPeEnSFB2RnnQdguhXpmeQk=
github.com/aws/aws-sdk-go-v2/service/sts v1.28.4/go.mod h1:+K1rNPVyGxkRuv9NNiaZ4YhBFuyw2MMA9SlIJ1Zlpz8=
github.com/aws/constructs-go/constructs/v10 v10.3.0 h1:LsjBIMiaDX/vqrXWhzTquBJ9pPdi02/H+z1DCwg0PEM=
github.com/aws/constructs-go/constructs/v10 v10.3.0/go.mod h1:GgzwIwoRJ2UYsr3SU+JhAl+gq5j39bEMYf8ev3J+s9s=
github.com/aws/jsii-runtime-go v1.95.0 h1:I43Ye2AI8YNul6aWgtsvE76Vq6K6OzDEnZa/3g+sNtM=
github.com/aws/jsii-runtime-go v1.95.0/go.mod h1:ltYD/GbXiTKFeEUn03Ypwhl75N1Rwj4G2094XHjc+LM=
github.com/aws/smithy-go v1.20.1 h1:4SZlSlMr36UEqC7XOyRVb27XMeZubNcBNN+9IgEPIQw=
github.com/aws/smithy-go v1.20.1/go.mod h1:krry+ya/rV9RDcV/Q16kpu6ypI4K2czasz0NC3qS14E=
github.com/cdklabs/awscdk-asset-awscli-go/awscliv1/v2 v2.2.202 h1:VixXB9DnHN8oP7pXipq8GVFPjWCOdeNxIaS/ZyUwTkI=
github.com/cdklabs/awscdk-asset-awscli-go/awscliv1/v2 v2.2.202/go.mod h1:iPUti/SWjA3XAS3CpnLciFjS8TN9Y+8mdZgDfSgcyus=
github.com/cdklabs/awscdk-asset-kubectl-go/kubectlv20/v2 v2.1.2 h1:k+WD+6cERd59Mao84v0QtRrcdZuuSMfzlEmuIypKnVs=
github.com/cdklabs/awscdk-asset-kubectl-go/kubectlv20/v2 v2.1.2/go.mod h1:CvFHBo0qcg8LUkJqIxQtP1rD/sNGv9bX3L2vHT2FUAo=
github.com/cdklabs/awscdk-asset-node-proxy-agent-go/nodeproxyagentv6/v2 v2.0.1 h1:MBBQNKKPJ5GArbctgwpiCy7KmwGjHDjUUH5wEzwIq8w=
github.com/cdklabs/awscdk-asset-node-proxy-agent-go/nodeproxyagentv6/v2 v2.0.1/go.mod h1:/2WiXEft9s8ViJjD01CJqDuyJ8HXBjhBLtK5OvJfdSc=
github.com/davecgh/go-spew v1.1.1 h1:vj9j/u1bqnvCEfJOwUhtlOARqs3+rkHYY13jYWTU97c=
github.com/davecgh/go-spew v1.1.1/go.mod h1:J7Y8YcW2NihsgmVo/mv3lAwl/skON4iLHjSsI+c5H38=
github.com/fatih/color v1.16.0 h1:zmkK9Ngbjj+K0yRhTVONQh1p/HknKYSlNT+vZCzyokM=
github.com/fatih/color v1.16.0/go.mod h1:fL2Sau1YI5c0pdGEVCbKQbLXB6edEj1ZgiY4NijnWvE=
github.com/fogfish/curie v1.8.2 h1:+4CezyjZ5uszSXUZAV27gfKwv58w3lKTH0JbQwh3S9A=
github.com/fogfish/curie v1.8.2/go.mod h1:jPv7pg4hHd8Ug/USG29ZA2bAwlRfh/iinY90/30ATGg=
github.com/fogfish/faults v0.2.0 h1:3KHvZN3cgv2omAGw0MCVH/AbrqxfNag+TFGpgUp6m1w=
github.com/fogfish/faults v0.2.0/go.mod h1:PtvzLt9TP4IF/hRkwRp4dZub42oaMrLbxdS6vmSCJOs=
github.com/fogfish/golem/hseq v1.1.2 h1:jgmMSo+d3KUAQr87U6coQtrTHNL4RTd0/qTocn4ReAQ=
github.com/fogfish/golem/hseq v1.1.2/go.mod h1:N5y7RLLJyL8iNxFOcD6mkciIBx5TJ9mT1fRszr+ByhQ=
github.com/fogfish/golem/optics v0.11.2 h1:RzHClHoIZsO/HZqs1E6axeNu8e/mn+Q2aSGGVkb9tCM=
github.com/fogfish/golem/optics v0.11.2/go.mod h1:ICzDm+HkWu732lHaHYJTSSEKz9rwyiLKJR/C4QWF0WY=
github.com/fogfish/golem/pure v0.10.1 h1:0+cnvdaV9zF+0NN8SZMgR5bgFM6yNfBHU4rynYSDfmE=
github.com/fogfish/golem/pure v0.10.1/go.mod h1:kLPfgu5uKP0CrwVap7jejisRwV7vo1q8Eyqnc/Z0qyw=
github.com/fogfish/guid/v2 v2.0.4 h1:EZiPlM4UAghqf7DU5/nLEF+iRH7ODe0AiFuYOMRvITQ=
github.com/fogfish/guid/v2 v2.0.4/go.mod h1:KkZ5T4EE3BqWQJFZBPLSHV/tBe23Xq4KvuPfwtNtepU=
github.com/fogfish/it v1.0.0 h1:kiwFHZcrkRLUydZoIoY0gTuMfj38trwvLo0YRyIkeG8=
github.com/fogfish/it v1.0.0/go.mod h1:NQJG4Ygvek85y7zGj0Gny8+6ygAnHjfBORhI7TdQhp4=
github.com/fogfish/it/v2 v2.0.1 h1:vu3kV2xzYDPHoMHMABxXeu5CoMcTfRc4gkWkzOUkRJY=
github.com/fogfish/it/v2 v2.0.1/go.mod h1:h5FdKaEQT4sUEykiVkB8VV4jX27XabFVeWhoDZaRZtE=
github.com/fogfish/logger/v3 v3.1.0 h1:Kl3atzqBxfOkUDdFJqG8wFpzvzfhm+DHwSBoFtA6xPI=
github.com/fogfish/logger/v3 v3.1.0/go.mod h1:hsucoJz/3OX90UdYrXykcKvjjteBnPcYSTr4Rie0ZqU=
github.com/fogfish/scud v0.6.1 h1:Z799o7WlbFLZWcM7ynE0Td+h+Lc7893Ui+CYxSzTcd4=
github.com/fogfish/scud v0.6.1/go.mod h1:jM6+Iufr6K9ScxkySmGgoAyL1Udi8bCaYw2vsGvfh9Q=
github.com/google/go-cmp v0.6.0 h1:ofyhxvXcZhMsU5ulbFiLKl/XBFqE1GSq7atu8tAmTRI=
github.com/google/go-cmp v0.6.0/go.mod h1:17dUlkBOakJ0+DkrSSNjCkIjxS6bF9zb3elmeNGIjoY=
github.com/mattn/go-colorable v0.1.13 h1:fFA4WZxdEF4tXPZVKMLwD8oUnCTTo08duU7wxecdEvA=
github.com/mattn/go-colorable v0.1.13/go.mod h1:7S9/ev0klgBDR4GtXTXX8a3vIGJpMovkB8vQcUbaXHg=
github.com/mattn/go-isatty v0.0.16/go.mod h1:kYGgaQfpe5nmfYZH+SKPsOc2e4SrIfOl2e/yFXSvRLM=
github.com/mattn/go-isatty v0.0.20 h1:xfD0iDuEKnDkl03q4limB+vH+GxLEtL/jb4xVJSWWEY=
github.com/mattn/go-isatty v0.0.20/go.mod h1:W+V8PltTTMOvKvAeJH7IuucS94S2C6jfK/D7dTCTo3Y=
github.com/pmezard/go-difflib v1.0.0 h1:4DBwDE0NGyQoBHbLQYPwSUPoCMWR5BEzIk/f1lZbAQM=
github.com/pmezard/go-difflib v1.0.0/go.mod h1:iKH77koFhYxTK1pcRnkKkqfTogsbg7gZNVY4sRDYZ/4=
github.com/stretchr/testify v1.8.4 h1:CcVxjf3Q8PM0mHUKJCdn+eZZtm5yQwehR5yeSVQQcUk=
github.com/stretchr/testify v1.8.4/go.mod h1:sz/lmYIOXD/1dqDmKjjqLyZ2RngseejIcXlSw2iwfAo=
github.com/yuin/goldmark v1.5.3 h1:3HUJmBFbQW9fhQOzMgseU134xfi6hU+mjWywx5Ty+/M=
github.com/yuin/goldmark v1.5.3/go.mod h1:6yULJ656Px+3vBD8DxQVa3kxgyrAnzto9xy5taEt/CY=
golang.org/x/crypto v0.0.0-20190308221718-c2843e01d9a2/go.mod h1:djNgcEr1/C05ACkg1iLfiJU5Ep61QUkGW8qpdssI0+w=
golang.org/x/crypto v0.0.0-20191011191535-87dc89f01550/go.mod h1:yigFU9vqHzYiE8UmvKecakEJjdnWj3jj499lnFckfCI=
golang.org/x/crypto v0.17.0 h1:r8bRNjWL3GshPW3gkd+RpvzWrZAwPS49OmTGZ/uhM4k=
golang.org/x/crypto v0.17.0/go.mod h1:gCAAfMLgwOJRpTjQ2zCCt2OcSfYMTeZVSRtQlPC7Nq4=
golang.org/x/lint v0.0.0-20210508222113-6edffad5e616 h1:VLliZ0d+/avPrXXH+OakdXhpJuEoBZuwh1m2j7U6Iug=
golang.org/x/lint v0.0.0-20210508222113-6edffad5e616/go.mod h1:3xt1FjdF8hUf6vQPIChWIBhFzV8gjjsPE/fR3IyQdNY=
golang.org/x/mod v0.1.1-0.20191105210325-c90efee705ee/go.mod h1:QqPTAvyqsEbceGzBzNggFXnrqF1CaUcvgkdR5Ot7KZg=
golang.org/x/mod v0.14.0 h1:dGoOF9QVLYng8IHTm7BAyWqCqSheQ5pYWGhzW00YJr0=
golang.org/x/mod v0.14.0/go.mod h1:hTbmBsO62+eylJbnUtE2MGJUyE7QWk4xUqPFrRgJ+7c=
golang.org/x/net v0.0.0-20190404232315-eb5bcb51f2a3/go.mod h1:t9HGtf8HONx5eT2rtn7q6eTqICYqUVnKs3thJo3Qplg=
golang.org/x/net v0.0.0-20190620200207-3b0461eec859/go.mod h1:z5CRVTTTmAJ677TzLLGU+0bjPO0LkuOLi4/5GtJWs/s=
golang.org/x/sync v0.0.0-20190423024810-112230192c58/go.mod h1:RxMgew5VJxzue5/jJTE5uejpjVlOe/izrB70Jof72aM=
golang.org/x/sync v0.6.0 h1:5BMeUDZ7vkXGfEr1x9B4bRcTH4lpkTkpdh0T/J+qjbQ=
golang.org/x/sync v0.6.0/go.mod h1:Czt+wKu1gCyEFDUtn0jG5QVvpJ6rzVqr5aXyt9drQfk=
golang.org/x/sys v0.0.0-20190215142949-d0b11bdaac8a/go.mod h1:STP8DvDyc/dI5b8T5hshtkjS+E42TnysNCUPdjciGhY=
golang.org/x/sys v0.0.0-20190412213103-97732733099d/go.mod h1:h1NjWce9XRLGQEsW7wpKNCjG9DtNlClVuFLEZdDNbEs=
golang.org/x/sys v0.0.0-20220811171246-fbc7d0a398ab/go.mod h1:oPkhp1MJrh7nUepCBck5+mAzfO9JrbApNNgaTdGDITg=
golang.org/x/sys v0.6.0/go.mod h1:oPkhp1MJrh7nUepCBck5+mAzfO9JrbApNNgaTdGDITg=
golang.org/x/sys v0.15.0 h1:h48lPFYpsTvQJZF4EKyI4aLHaev3CxivZmv7yZig9pc=
golang.org/x/sys v0.15.0/go.mod h1:/VUhepiaJMQUp4+oa/7Zr1D23ma6VTLIYjOOTFZPUcA=
golang.org/x/text v0.3.0/go.mod h1:NqM8EUOU14njkJ3fqMW+pc6Ldnwhi/IjpwHt7yyuwOQ=
golang.org/x/tools v0.0.0-20200130002326-2f3ba24bd6e7/go.mod h1:TB2adYChydJhpapKDTa4BR/hXlZSLoq2Wpct/0txZ28=
golang.org/x/tools v0.17.0 h1:FvmRgNOcs3kOa+T20R1uhfP9F6HgG2mfxDv1vrx1Htc=
golang.org/x/tools v0.17.0/go.mod h1:xsh6VxdV005rRVaS6SSAf9oiAqljS7UZUacMZ8Bnsps=
golang.org/x/xerrors v0.0.0-20191011141410-1b5146add898/go.mod h1:I/5z698sn9Ka8TeJc9MKroUUfqBBauWjQqLJ2OPfmY0=
gopkg.in/go-jose/go-jose.v2 v2.6.2 h1:Rl5+9rA0kG3vsO1qhncMPRT5eHICihAMQYJkD7u/i4M=
gopkg.in/go-jose/go-jose.v2 v2.6.2/go.mod h1:zzZDPkNNw/c9IE7Z9jr11mBZQhKQTMzoEEIoEdZlFBI=
gopkg.in/yaml.v3 v3.0.1 h1:fxVm/GzAzEWqLHuvctI91KS9hhNmmWOoWu0XTYJS7CA=
gopkg.in/yaml.v3 v3.0.1/go.mod h1:K4uyk7z7BCEPqu6E+C64Yfv1cQ7kz7rIZviUmN+EgEM=
