github.com/fogfish/curie v1.8.2 h1:+4CezyjZ5uszSXUZAV27gfKwv58w3lKTH0JbQwh3S9A=
github.com/fogfish/curie v1.8.2/go.mod h1:jPv7pg4hHd8Ug/USG29ZA2bAwlRfh/iinY90/30ATGg=
github.com/fogfish/faults v0.2.0 h1:3KHvZN3cgv2omAGw0MCVH/AbrqxfNag+TFGpgUp6m1w=
github.com/fogfish/faults v0.2.0/go.mod h1:PtvzLt9TP4IF/hRkwRp4dZub42oaMrLbxdS6vmSCJOs=
github.com/fogfish/golem/hseq v1.2.0 h1:B6yrzOHQNoTqSlhLb+AvK7dhEAELjHThrCQTF/uqwbM=
github.com/fogfish/golem/hseq v1.2.0/go.mod h1:17XORt8nNKl6KOhF43MHSmjK8NksbkBsohAoJGiinUs=
github.com/fogfish/golem/optics v0.13.0 h1:U3htppjVTMbICQIzPTTe151+WziSGEppNVmkanKa440=
github.com/fogfish/golem/optics v0.13.0/go.mod h1:U1y90OVcXF/A61dIP3abQ0x2GweTmzVHPC15pv0pcM0=
github.com/fogfish/golem/pure v0.10.1 h1:0+cnvdaV9zF+0NN8SZMgR5bgFM6yNfBHU4rynYSDfmE=
github.com/fogfish/golem/pure v0.10.1/go.mod h1:kLPfgu5uKP0CrwVap7jejisRwV7vo1q8Eyqnc/Z0qyw=
github.com/fogfish/guid/v2 v2.0.4 h1:EZiPlM4UAghqf7DU5/nLEF+iRH7ODe0AiFuYOMRvITQ=
github.com/fogfish/guid/v2 v2.0.4/go.mod h1:KkZ5T4EE3BqWQJFZBPLSHV/tBe23Xq4KvuPfwtNtepU=
github.com/fogfish/it v1.0.0 h1:kiwFHZcrkRLUydZoIoY0gTuMfj38trwvLo0YRyIkeG8=
github.com/fogfish/it v1.0.0/go.mod h1:NQJG4Ygvek85y7zGj0Gny8+6ygAnHjfBORhI7TdQhp4=
github.com/fogfish/it/v2 v2.0.2 h1:UR6yVemf8zD3WVs6Bq0zE6LJwapZ8urv9zvU5VB5E6o=
github.com/fogfish/it/v2 v2.0.2/go.mod h1:HHwufnTaZTvlRVnSesPl49HzzlMrQtweKbf+8Co/ll4=
github.com/fogfish/swarm v0.16.0 h1:6AviPpPbrSraLcjH2GwW0oVUb7tb6IZMqdT+FdXOCHU=
github.com/fogfish/swarm v0.16.0/go.mod h1:u5uJmXu3xHz1OTzyxhu9viI6eq+GmkJJkDqdrf8IlJw=
github.com/fogfish/swarm/queue v0.16.1 h1:bReiuwm2a1h0hP4ElSzETksqs1gT2yKRHtA6aVHQnKY=
github.com/fogfish/swarm/queue v0.16.1/go.mod h1:tiSPnknVI/nHs2TL8H17YszUvgBT1E2ksaOGBQV/E6Q=
