github.com/aws/aws-sdk-go-v2 v1.31.0 h1:3V05LbxTSItI5kUqNwhJrrrY1BAXxXt0sN0l72QmG5U=
github.com/aws/aws-sdk-go-v2 v1.31.0/go.mod h1:ztolYtaEUtdpf9Wftr31CJfLVjOnD/CVRkKOOYgF8hA=
github.com/aws/aws-sdk-go-v2/config v1.27.37 h1:xaoIwzHVuRWRHFI0jhgEdEGc8xE1l91KaeRDsWEIncU=
github.com/aws/aws-sdk-go-v2/config v1.27.37/go.mod h1:S2e3ax9/8KnMSyRVNd3sWTKs+1clJ2f1U6nE0lpvQRg=
github.com/aws/aws-sdk-go-v2/credentials v1.17.35 h1:7QknrZhYySEB1lEXJxGAmuD5sWwys5ZXNr4m5oEz0IE=
github.com/aws/aws-sdk-go-v2/credentials v1.17.35/go.mod h1:8Vy4kk7at4aPSmibr7K+nLTzG6qUQAUO4tW49fzUV4E=
github.com/aws/aws-sdk-go-v2/feature/ec2/imds v1.16.14 h1:C/d03NAmh8C4BZXhuRNboF/DqhBkBCeDiJDcaqIT5pA=
github.com/aws/aws-sdk-go-v2/feature/ec2/imds v1.16.14/go.mod h1:7I0Ju7p9mCIdlrfS+JCgqcYD0VXz/N4yozsox+0o078=
github.com/aws/aws-sdk-go-v2/internal/configsources v1.3.18 h1:kYQ3H1u0ANr9KEKlGs/jTLrBFPo8P8NaH/w7A01NeeM=
github.com/aws/aws-sdk-go-v2/internal/configsources v1.3.18/go.mod h1:r506HmK5JDUh9+Mw4CfGJGSSoqIiLCndAuqXuhbv67Y=
github.com/aws/aws-sdk-go-v2/internal/endpoints/v2 v2.6.18 h1:Z7IdFUONvTcvS7YuhtVxN99v2cCoHRXOS4mTr0B/pUc=
github.com/aws/aws-sdk-go-v2/internal/endpoints/v2 v2.6.18/go.mod h1:DkKMmksZVVyat+Y+r1dEOgJEfUeA7UngIHWeKsi0yNc=
github.com/aws/aws-sdk-go-v2/internal/ini v1.8.1 h1:VaRN3TlFdd6KxX1x3ILT5ynH6HvKgqdiXoTxAF4HQcQ=
github.com/aws/aws-sdk-go-v2/internal/ini v1.8.1/go.mod h1:FbtygfRFze9usAadmnGJNc8KsP346kEe+y2/oyhGAGc=
github.com/aws/aws-sdk-go-v2/service/internal/accept-encoding v1.11.5 h1:QFASJGfT8wMXtuP3D5CRmMjARHv9ZmzFUMJznHDOY3w=
github.com/aws/aws-sdk-go-v2/service/internal/accept-encoding v1.11.5/go.mod h1:QdZ3OmoIjSX+8D1OPAzPxDfjXASbBMDsz9qvtyIhtik=
github.com/aws/aws-sdk-go-v2/service/internal/presigned-url v1.11.20 h1:Xbwbmk44URTiHNx6PNo0ujDE6ERlsCKJD3u1zfnzAPg=
github.com/aws/aws-sdk-go-v2/service/internal/presigned-url v1.11.20/go.mod h1:oAfOFzUB14ltPZj1rWwRc3d/6OgD76R8KlvU3EqM9Fg=
github.com/aws/aws-sdk-go-v2/service/sqs v1.35.1 h1:b6qVeD+AXiUJMVCfnShSxcSJ7i+3RAlOO+gwZPB7Qn8=
github.com/aws/aws-sdk-go-v2/service/sqs v1.35.1/go.mod h1:WuGxWQhu2LXoPGA2HBIbotpwhM6T4hAz0Ip/HjdxfJg=
github.com/aws/aws-sdk-go-v2/service/sso v1.23.1 h1:2jrVsMHqdLD1+PA4BA6Nh1eZp0Gsy3mFSB5MxDvcJtU=
github.com/aws/aws-sdk-go-v2/service/sso v1.23.1/go.mod h1:XRlMvmad0ZNL+75C5FYdMvbbLkd6qiqz6foR1nA1PXY=
github.com/aws/aws-sdk-go-v2/service/ssooidc v1.27.1 h1:0L7yGCg3Hb3YQqnSgBTZM5wepougtL1aEccdcdYhHME=
github.com/aws/aws-sdk-go-v2/service/ssooidc v1.27.1/go.mod h1:FnvDM4sfa+isJ3kDXIzAB9GAwVSzFzSy97uZ3IsHo4E=
github.com/aws/aws-sdk-go-v2/service/sts v1.31.1 h1:8K0UNOkZiK9Uh3HIF6Bx0rcNCftqGCeKmOaR7Gp5BSo=
github.com/aws/aws-sdk-go-v2/service/sts v1.31.1/go.mod h1:yMWe0F+XG0DkRZK5ODZhG7BEFYhLXi2dqGsv6tX0cgI=
github.com/aws/smithy-go v1.21.0 h1:H7L8dtDRk0P1Qm6y0ji7MCYMQObJ5R9CRpyPhRUkLYA=
github.com/aws/smithy-go v1.21.0/go.mod h1:irrKGvNn1InZwb2d7fkIRNucdfwR8R+Ts3wxYa/cJHg=
github.com/fogfish/curie v1.8.2 h1:+4CezyjZ5uszSXUZAV27gfKwv58w3lKTH0JbQwh3S9A=
github.com/fogfish/curie v1.8.2/go.mod h1:jPv7pg4hHd8Ug/USG29ZA2bAwlRfh/iinY90/30ATGg=
github.com/fogfish/faults v0.2.0 h1:3KHvZN3cgv2omAGw0MCVH/AbrqxfNag+TFGpgUp6m1w=
github.com/fogfish/faults v0.2.0/go.mod h1:PtvzLt9TP4IF/hRkwRp4dZub42oaMrLbxdS6vmSCJOs=
github.com/fogfish/golem/hseq v1.2.0 h1:B6yrzOHQNoTqSlhLb+AvK7dhEAELjHThrCQTF/uqwbM=
github.com/fogfish/golem/hseq v1.2.0/go.mod h1:17XORt8nNKl6KOhF43MHSmjK8NksbkBsohAoJGiinUs=
github.com/fogfish/golem/optics v0.13.0 h1:U3htppjVTMbICQIzPTTe151+WziSGEppNVmkanKa440=
github.com/fogfish/golem/optics v0.13.0/go.mod h1:U1y90OVcXF/A61dIP3abQ0x2GweTmzVHPC15pv0pcM0=
github.com/fogfish/guid/v2 v2.0.4 h1:EZiPlM4UAghqf7DU5/nLEF+iRH7ODe0AiFuYOMRvITQ=
github.com/fogfish/guid/v2 v2.0.4/go.mod h1:KkZ5T4EE3BqWQJFZBPLSHV/tBe23Xq4KvuPfwtNtepU=
github.com/fogfish/it v1.0.0 h1:kiwFHZcrkRLUydZoIoY0gTuMfj38trwvLo0YRyIkeG8=
github.com/fogfish/it v1.0.0/go.mod h1:NQJG4Ygvek85y7zGj0Gny8+6ygAnHjfBORhI7TdQhp4=
github.com/fogfish/it/v2 v2.0.2 h1:UR6yVemf8zD3WVs6Bq0zE6LJwapZ8urv9zvU5VB5E6o=
github.com/fogfish/it/v2 v2.0.2/go.mod h1:HHwufnTaZTvlRVnSesPl49HzzlMrQtweKbf+8Co/ll4=
github.com/fogfish/logger/v3 v3.1.1 h1:awmTNpBWRvSj086H3RWIUnc+FSu9qXHJgBa49wYpNCE=
github.com/fogfish/logger/v3 v3.1.1/go.mod h1:hsucoJz/3OX90UdYrXykcKvjjteBnPcYSTr4Rie0ZqU=
github.com/fogfish/swarm v0.20.1 h1:XzHkTHxgLVbctkTAcT4dVoGdp7mNKihdzz1Io6YGig0=
github.com/fogfish/swarm v0.20.1/go.mod h1:cdIviTojE3DT+FOIIOeOg6tyMqhyanfy2TZHTtKlOmo=
